
Microsoft Visual Studio Solution File, Format Version 12.00
# Visual Studio 2012
Project("{FAE04EC0-301F-11D3-BF4B-00C04F79EFBC}") = "AfricanCrafts", "AfricanCrafts\AfricanCrafts.csproj", "{0173E609-0E01-4E54-ABCB-4F2B64CC0528}"
EndProject
Project("{FAE04EC0-301F-11D3-BF4B-00C04F79EFBC}") = "AfricanCrafts.Tests", "AfricanCrafts.Tests\AfricanCrafts.Tests.csproj", "{DFFFF501-1D75-4F15-83D4-5874D39A30A9}"
EndProject
Project("{2150E333-8FDC-42A3-9474-1A3956D46DE8}") = ".nuget", ".nuget", "{FEE608C8-94A4-40B9-B8EA-30C78B6FDD72}"
	ProjectSection(SolutionItems) = preProject
		.nuget\NuGet.Config = .nuget\NuGet.Config
		.nuget\NuGet.exe = .nuget\NuGet.exe
		.nuget\NuGet.targets = .nuget\NuGet.targets
	EndProjectSection
EndProject
Project("{FAE04EC0-301F-11D3-BF4B-00C04F79EFBC}") = "AfricanCraftsApi", "AfricanCraftsApi\AfricanCraftsApi.csproj", "{228A9BF2-7AD8-4F87-8F85-ACFBF5831973}"
EndProject
Project("{FAE04EC0-301F-11D3-BF4B-00C04F79EFBC}") = "AfricanCraftsApi.Tests", "AfricanCraftsApi.Tests\AfricanCraftsApi.Tests.csproj", "{420D3A43-D3CB-43F1-BB20-B4FB8CF1D494}"
EndProject
Project("{FAE04EC0-301F-11D3-BF4B-00C04F79EFBC}") = "DbLayer", "DbLayer\DbLayer.csproj", "{32AC0550-682F-4F7C-97E4-4F9A6C494683}"
EndProject
Project("{FAE04EC0-301F-11D3-BF4B-00C04F79EFBC}") = "DataRepository", "DataRepository\DataRepository.csproj", "{889FDFD1-5CF4-4C67-BCBA-1533D71EB501}"
EndProject
Project("{FAE04EC0-301F-11D3-BF4B-00C04F79EFBC}") = "DataRepositoryTests", "DataRepositoryTests\DataRepositoryTests.csproj", "{EA51E0A0-8345-4433-92DF-F5D098E3F4C7}"
EndProject
Global
	GlobalSection(SolutionConfigurationPlatforms) = preSolution
		Debug|Any CPU = Debug|Any CPU
		Release|Any CPU = Release|Any CPU
	EndGlobalSection
	GlobalSection(ProjectConfigurationPlatforms) = postSolution
		{0173E609-0E01-4E54-ABCB-4F2B64CC0528}.Debug|Any CPU.ActiveCfg = Debug|Any CPU
		{0173E609-0E01-4E54-ABCB-4F2B64CC0528}.Debug|Any CPU.Build.0 = Debug|Any CPU
		{0173E609-0E01-4E54-ABCB-4F2B64CC0528}.Release|Any CPU.ActiveCfg = Release|Any CPU
		{0173E609-0E01-4E54-ABCB-4F2B64CC0528}.Release|Any CPU.Build.0 = Release|Any CPU
		{DFFFF501-1D75-4F15-83D4-5874D39A30A9}.Debug|Any CPU.ActiveCfg = Debug|Any CPU
		{DFFFF501-1D75-4F15-83D4-5874D39A30A9}.Debug|Any CPU.Build.0 = Debug|Any CPU
		{DFFFF501-1D75-4F15-83D4-5874D39A30A9}.Release|Any CPU.ActiveCfg = Release|Any CPU
		{DFFFF501-1D75-4F15-83D4-5874D39A30A9}.Release|Any CPU.Build.0 = Release|Any CPU
		{228A9BF2-7AD8-4F87-8F85-ACFBF5831973}.Debug|Any CPU.ActiveCfg = Debug|Any CPU
		{228A9BF2-7AD8-4F87-8F85-ACFBF5831973}.Debug|Any CPU.Build.0 = Debug|Any CPU
		{228A9BF2-7AD8-4F87-8F85-ACFBF5831973}.Release|Any CPU.ActiveCfg = Release|Any CPU
		{228A9BF2-7AD8-4F87-8F85-ACFBF5831973}.Release|Any CPU.Build.0 = Release|Any CPU
		{420D3A43-D3CB-43F1-BB20-B4FB8CF1D494}.Debug|Any CPU.ActiveCfg = Debug|Any CPU
		{420D3A43-D3CB-43F1-BB20-B4FB8CF1D494}.Debug|Any CPU.Build.0 = Debug|Any CPU
		{420D3A43-D3CB-43F1-BB20-B4FB8CF1D494}.Release|Any CPU.ActiveCfg = Release|Any CPU
		{420D3A43-D3CB-43F1-BB20-B4FB8CF1D494}.Release|Any CPU.Build.0 = Release|Any CPU
		{32AC0550-682F-4F7C-97E4-4F9A6C494683}.Debug|Any CPU.ActiveCfg = Debug|Any CPU
		{32AC0550-682F-4F7C-97E4-4F9A6C494683}.Debug|Any CPU.Build.0 = Debug|Any CPU
		{32AC0550-682F-4F7C-97E4-4F9A6C494683}.Release|Any CPU.ActiveCfg = Release|Any CPU
		{32AC0550-682F-4F7C-97E4-4F9A6C494683}.Release|Any CPU.Build.0 = Release|Any CPU
		{889FDFD1-5CF4-4C67-BCBA-1533D71EB501}.Debug|Any CPU.ActiveCfg = Debug|Any CPU
		{889FDFD1-5CF4-4C67-BCBA-1533D71EB501}.Debug|Any CPU.Build.0 = Debug|Any CPU
		{889FDFD1-5CF4-4C67-BCBA-1533D71EB501}.Release|Any CPU.ActiveCfg = Release|Any CPU
		{889FDFD1-5CF4-4C67-BCBA-1533D71EB501}.Release|Any CPU.Build.0 = Release|Any CPU
		{EA51E0A0-8345-4433-92DF-F5D098E3F4C7}.Debug|Any CPU.ActiveCfg = Debug|Any CPU
		{EA51E0A0-8345-4433-92DF-F5D098E3F4C7}.Debug|Any CPU.Build.0 = Debug|Any CPU
		{EA51E0A0-8345-4433-92DF-F5D098E3F4C7}.Release|Any CPU.ActiveCfg = Release|Any CPU
		{EA51E0A0-8345-4433-92DF-F5D098E3F4C7}.Release|Any CPU.Build.0 = Release|Any CPU
	EndGlobalSection
	GlobalSection(SolutionProperties) = preSolution
		HideSolutionNode = FALSE
	EndGlobalSection
EndGlobal
